
Microsoft Visual Studio Solution File, Format Version 12.00
# Visual Studio 2013
VisualStudioVersion = 12.0.21005.1
MinimumVisualStudioVersion = 10.0.40219.1
Project("{FAE04EC0-301F-11D3-BF4B-00C04F79EFBC}") = "APIMATICCalculator.PCL", "APIMATICCalculator.PCL/APIMATICCalculator.PCL.csproj", "{bc92fbaf-fa9b-4239-97d0-3f747db5f80c}"
EndProject
Project("{FAE04EC0-301F-11D3-BF4B-00C04F79EFBC}") = "APIMATICCalculator.Tests", "APIMATICCalculator.Tests/APIMATICCalculator.Tests.csproj", "{bf8df8bf-5d48-4397-befc-2d715af0d57a}"
EndProject
Global
    GlobalSection(SolutionConfigurationPlatforms) = preSolution
        Debug|Any CPU = Debug|Any CPU
        Release|Any CPU = Release|Any CPU
    EndGlobalSection
    GlobalSection(ProjectConfigurationPlatforms) = postSolution
        {bc92fbaf-fa9b-4239-97d0-3f747db5f80c}.Debug|Any CPU.ActiveCfg = Debug|Any CPU
        {bc92fbaf-fa9b-4239-97d0-3f747db5f80c}.Debug|Any CPU.Build.0 = Debug|Any CPU
        {bc92fbaf-fa9b-4239-97d0-3f747db5f80c}.Release|Any CPU.ActiveCfg = Release|Any CPU
        {bc92fbaf-fa9b-4239-97d0-3f747db5f80c}.Release|Any CPU.Build.0 = Release|Any CPU
        {bf8df8bf-5d48-4397-befc-2d715af0d57a}.Debug|Any CPU.ActiveCfg = Debug|Any CPU
        {bf8df8bf-5d48-4397-befc-2d715af0d57a}.Debug|Any CPU.Build.0 = Debug|Any CPU
        {bf8df8bf-5d48-4397-befc-2d715af0d57a}.Release|Any CPU.ActiveCfg = Release|Any CPU
        {bf8df8bf-5d48-4397-befc-2d715af0d57a}.Release|Any CPU.Build.0 = Release|Any CPU
    EndGlobalSection
    GlobalSection(SolutionProperties) = preSolution
        HideSolutionNode = FALSE
    EndGlobalSection
EndGlobal
